
Microsoft Visual Studio Solution File, Format Version 12.00
# Visual Studio 15
VisualStudioVersion = 15.0.34526.175
MinimumVisualStudioVersion = 10.0.40219.1
Project("{FAE04EC0-301F-11D3-BF4B-00C04F79EFBC}") = "src", "src\BankReplication.csproj", "{50F7008D-CC01-42EE-9AC8-336C9D620FDE}"
EndProject
Global
	GlobalSection(SolutionConfigurationPlatforms) = preSolution
		Debug|Any CPU = Debug|Any CPU
		Release|Any CPU = Release|Any CPU
	EndGlobalSection
	GlobalSection(ProjectConfigurationPlatforms) = postSolution
		{50F7008D-CC01-42EE-9AC8-336C9D620FDE}.Debug|Any CPU.ActiveCfg = Debug|Any CPU
		{50F7008D-CC01-42EE-9AC8-336C9D620FDE}.Debug|Any CPU.Build.0 = Debug|Any CPU
		{50F7008D-CC01-42EE-9AC8-336C9D620FDE}.Release|Any CPU.ActiveCfg = Release|Any CPU
		{50F7008D-CC01-42EE-9AC8-336C9D620FDE}.Release|Any CPU.Build.0 = Release|Any CPU
	EndGlobalSection
	GlobalSection(SolutionProperties) = preSolution
		HideSolutionNode = FALSE
	EndGlobalSection
	GlobalSection(ExtensibilityGlobals) = postSolution
		SolutionGuid = {44A7D91B-2E9C-4588-8E3F-6CF9C59E1B99}
	EndGlobalSection
EndGlobal
